<?xml version="1.0" encoding="utf-8"?>
<Project ToolsVersion="4.0" xmlns="http://schemas.microsoft.com/developer/msbuild/2003">
  <ItemGroup>
    <Filter Include="Source Files">
      <UniqueIdentifier>{4FC737F1-C7A5-4376-A066-2A32D752A2FF}</UniqueIdentifier>
      <Extensions>cpp;c;cc;cxx;def;odl;idl;hpj;bat;asm;asmx</Extensions>
    </Filter>
    <Filter Include="Header Files">
      <UniqueIdentifier>{93995380-89BD-4b04-88EB-625FBE52EBFB}</UniqueIdentifier>
      <Extensions>h;hh;hpp;hxx;hm;inl;inc;ipp;xsd</Extensions>
    </Filter>
    <Filter Include="Resource Files">
      <UniqueIdentifier>{67DA6AB6-F800-4c08-8B7A-83BB121AAD01}</UniqueIdentifier>
      <Extensions>rc;ico;cur;bmp;dlg;rc2;rct;bin;rgs;gif;jpg;jpeg;jpe;resx;tiff;tif;png;wav;mfcribbon-ms</Extensions>
    </Filter>
    <Filter Include="Header Files\Event">
      <UniqueIdentifier>{41624347-9940-4d24-ac06-1989611f8516}</UniqueIdentifier>
    </Filter>
    <Filter Include="Source Files\Event">
      <UniqueIdentifier>{c3e8f136-0fa7-4873-8ae5-19c32924c1be}</UniqueIdentifier>
    </Filter>
  </ItemGroup>
  <ItemGroup>
    <ClCompile Include="GXEZ.cpp">
      <Filter>Source Files</Filter>
    </ClCompile>
    <ClCompile Include="WindowGLFWVulkan.cpp">
      <Filter>Source Files</Filter>
    </ClCompile>
    <ClCompile Include="Event\IEvent.cpp">
      <Filter>Source Files\Event</Filter>
    </ClCompile>
    <ClCompile Include="Event\IEventHandler.cpp">
      <Filter>Source Files\Event</Filter>
    </ClCompile>
    <ClCompile Include="Event\EventHandlerGLFW.cpp">
      <Filter>Source Files\Event</Filter>
    </ClCompile>
  </ItemGroup>
  <ItemGroup>
    <ClInclude Include="GraphicEnvironment.h">
      <Filter>Header Files</Filter>
    </ClInclude>
    <ClInclude Include="IGraphicContext.h">
      <Filter>Header Files</Filter>
    </ClInclude>
    <ClInclude Include="GraphicContextGLFWVulkan.h">
      <Filter>Header Files</Filter>
    </ClInclude>
    <ClInclude Include="IWindow.h">
      <Filter>Header Files</Filter>
    </ClInclude>
    <ClInclude Include="WindowGLFWVulkan.h">
      <Filter>Header Files</Filter>
    </ClInclude>
    <ClInclude Include="Event\IEvent.h">
      <Filter>Header Files\Event</Filter>
    </ClInclude>
    <ClInclude Include="Event\IEventHandler.h">
      <Filter>Header Files\Event</Filter>
    </ClInclude>
    <ClInclude Include="Event\EventHandlerGLFW.h">
      <Filter>Header Files\Event</Filter>
    </ClInclude>
    <ClInclude Include="Drawer2DVulkan.h">
      <Filter>Header Files</Filter>
    </ClInclude>
  </ItemGroup>
</Project>