<?xml version="1.0" encoding="utf-8"?>
<Project ToolsVersion="4.0" xmlns="http://schemas.microsoft.com/developer/msbuild/2003">
  <ItemGroup>
    <Filter Include="Source Files">
      <UniqueIdentifier>{4FC737F1-C7A5-4376-A066-2A32D752A2FF}</UniqueIdentifier>
      <Extensions>cpp;c;cc;cxx;def;odl;idl;hpj;bat;asm;asmx</Extensions>
    </Filter>
    <Filter Include="Header Files">
      <UniqueIdentifier>{93995380-89BD-4b04-88EB-625FBE52EBFB}</UniqueIdentifier>
      <Extensions>h;hh;hpp;hxx;hm;inl;inc;ipp;xsd</Extensions>
    </Filter>
    <Filter Include="Resource Files">
      <UniqueIdentifier>{67DA6AB6-F800-4c08-8B7A-83BB121AAD01}</UniqueIdentifier>
      <Extensions>rc;ico;cur;bmp;dlg;rc2;rct;bin;rgs;gif;jpg;jpeg;jpe;resx;tiff;tif;png;wav;mfcribbon-ms</Extensions>
    </Filter>
  </ItemGroup>
  <ItemGroup>
    <ClInclude Include="include\GXEZ\Graphic\Color.h">
      <Filter>Header Files</Filter>
    </ClInclude>
    <ClInclude Include="include\GXEZ\Graphic\ColorDefines.h">
      <Filter>Header Files</Filter>
    </ClInclude>
    <ClInclude Include="include\GXEZ\Graphic\ColorDefinitions.h">
      <Filter>Header Files</Filter>
    </ClInclude>
    <ClInclude Include="include\GXEZ\Graphic\DImage.h">
      <Filter>Header Files</Filter>
    </ClInclude>
    <ClInclude Include="include\GXEZ\Graphic\IDrawer2D.h">
      <Filter>Header Files</Filter>
    </ClInclude>
    <ClInclude Include="include\GXEZ\Graphic\IImage.h">
      <Filter>Header Files</Filter>
    </ClInclude>
    <ClInclude Include="include\GXEZ\Graphic\IWindow.h">
      <Filter>Header Files</Filter>
    </ClInclude>
    <ClInclude Include="include\GXEZ\Graphic\Sprite.h">
      <Filter>Header Files</Filter>
    </ClInclude>
    <ClInclude Include="include\GXEZ\Graphic\SDL\Drawer2DSDL.h">
      <Filter>Header Files</Filter>
    </ClInclude>
    <ClInclude Include="include\GXEZ\Graphic\SDL\WindowSDL.h">
      <Filter>Header Files</Filter>
    </ClInclude>
    <ClInclude Include="include\GXEZ\Event\IEvent.h">
      <Filter>Header Files</Filter>
    </ClInclude>
    <ClInclude Include="include\GXEZ\Event\IEventHandler.h">
      <Filter>Header Files</Filter>
    </ClInclude>
    <ClInclude Include="include\GXEZ\Graphic\GLFW_Vulkan\WindowGLFWVulkan.h">
      <Filter>Header Files</Filter>
    </ClInclude>
    <ClInclude Include="include\GXEZ\Graphic\SDL\ImageSDL.h">
      <Filter>Header Files</Filter>
    </ClInclude>
    <ClInclude Include="include\GXEZ\GXEZDefinitions.h">
      <Filter>Header Files</Filter>
    </ClInclude>
    <ClInclude Include="include\GXEZ\Event\SDL\EventHandlerSDL.h">
      <Filter>Header Files</Filter>
    </ClInclude>
    <ClInclude Include="include\GXEZ\Event\GLFW\EventHandlerGLFW.h">
      <Filter>Header Files</Filter>
    </ClInclude>
    <ClInclude Include="include\GXEZ\GXEZ.h">
      <Filter>Header Files</Filter>
    </ClInclude>
    <ClInclude Include="include\GXEZ\GXEZEnvironment.h">
      <Filter>Header Files</Filter>
    </ClInclude>
    <ClInclude Include="include\GXEZ\SDL\GXEZContextSDL.h">
      <Filter>Header Files</Filter>
    </ClInclude>
    <ClInclude Include="include\GXEZ\IGXEZContext.h">
      <Filter>Header Files</Filter>
    </ClInclude>
    <ClInclude Include="include\GXEZ\GUI\GUIItem.h">
      <Filter>Header Files</Filter>
    </ClInclude>
    <ClInclude Include="include\GXEZ\GUI\GUIManager.h">
      <Filter>Header Files</Filter>
    </ClInclude>
    <ClInclude Include="include\GXEZ\Tool\FPSComputer.h">
      <Filter>Header Files</Filter>
    </ClInclude>
    <ClInclude Include="include\GXEZ\Tool\Timer.h">
      <Filter>Header Files</Filter>
    </ClInclude>
    <ClInclude Include="include\GXEZ\Graphic\IRenderer.h">
      <Filter>Header Files</Filter>
    </ClInclude>
  </ItemGroup>
  <ItemGroup>
    <ClCompile Include="src\Event\IEvent.cpp">
      <Filter>Source Files</Filter>
    </ClCompile>
    <ClCompile Include="src\Event\IEventHandler.cpp">
      <Filter>Source Files</Filter>
    </ClCompile>
    <ClCompile Include="src\Graphic\SDL\Drawer2DSDL.cpp">
      <Filter>Source Files</Filter>
    </ClCompile>
    <ClCompile Include="src\Graphic\SDL\WindowSDL.cpp">
      <Filter>Source Files</Filter>
    </ClCompile>
    <ClCompile Include="src\Graphic\SDL\ImageSDL.cpp">
      <Filter>Source Files</Filter>
    </ClCompile>
    <ClCompile Include="src\Event\GLFW\EventHandlerGLFW.cpp">
      <Filter>Source Files</Filter>
    </ClCompile>
    <ClCompile Include="src\Event\SDL\EventHandlerSDL.cpp">
      <Filter>Source Files</Filter>
    </ClCompile>
    <ClCompile Include="src\Graphic\Color.cpp">
      <Filter>Source Files</Filter>
    </ClCompile>
    <ClCompile Include="src\Graphic\DImage.cpp">
      <Filter>Source Files</Filter>
    </ClCompile>
    <ClCompile Include="src\Graphic\Sprite.cpp">
      <Filter>Source Files</Filter>
    </ClCompile>
    <ClCompile Include="src\Graphic\ColorDefines.cpp">
      <Filter>Source Files</Filter>
    </ClCompile>
    <ClCompile Include="src\Graphic\IImage.cpp">
      <Filter>Source Files</Filter>
    </ClCompile>
    <ClCompile Include="src\GXEZEnvironment.cpp">
      <Filter>Source Files</Filter>
    </ClCompile>
    <ClCompile Include="src\SDL\GXEZContextSDL.cpp">
      <Filter>Source Files</Filter>
    </ClCompile>
    <ClCompile Include="src\GUI\GUIItem.cpp">
      <Filter>Source Files</Filter>
    </ClCompile>
    <ClCompile Include="src\GUI\GUIManager.cpp">
      <Filter>Source Files</Filter>
    </ClCompile>
    <ClCompile Include="src\Graphic\IDrawer2D.cpp">
      <Filter>Source Files</Filter>
    </ClCompile>
    <ClCompile Include="src\Tool\Timer.cpp">
      <Filter>Source Files</Filter>
    </ClCompile>
    <ClCompile Include="src\Tool\FPSComputer.cpp">
      <Filter>Source Files</Filter>
    </ClCompile>
  </ItemGroup>
</Project>